
Microsoft Visual Studio Solution File, Format Version 12.00
# Visual Studio Version 16
VisualStudioVersion = 16.0.29709.97
MinimumVisualStudioVersion = 10.0.40219.1
Project("{8BC9CEB8-8B4A-11D0-8D11-00A0C91BC942}") = "qt_youdian", "qt_youdian.vcxproj", "{56C3695E-F058-4948-B47F-C4EDAC3141DF}"
EndProject
Global
	GlobalSection(SolutionConfigurationPlatforms) = preSolution
		Debug|x64 = Debug|x64
		Release|x64 = Release|x64
	EndGlobalSection
	GlobalSection(ProjectConfigurationPlatforms) = postSolution
		{56C3695E-F058-4948-B47F-C4EDAC3141DF}.Debug|x64.ActiveCfg = Debug|x64
		{56C3695E-F058-4948-B47F-C4EDAC3141DF}.Debug|x64.Build.0 = Debug|x64
		{56C3695E-F058-4948-B47F-C4EDAC3141DF}.Release|x64.ActiveCfg = Release|x64
		{56C3695E-F058-4948-B47F-C4EDAC3141DF}.Release|x64.Build.0 = Release|x64
	EndGlobalSection
	GlobalSection(SolutionProperties) = preSolution
		HideSolutionNode = FALSE
	EndGlobalSection
	GlobalSection(ExtensibilityGlobals) = postSolution
		SolutionGuid = {3ADF58D1-F5EF-4B3C-ADEE-7EC90900FDED}
	EndGlobalSection
EndGlobal
